// !$*UTF8*$!
{
	archiveVersion = 1;
	classes = {
	};
	objectVersion = 56;
	objects = {

/* Begin PBXBuildFile section */
		4ABB83CF29F37BFE00503E7A /* AppDelegate.swift in Sources */ = {isa = PBXBuildFile; fileRef = 4ABB83CE29F37BFE00503E7A /* AppDelegate.swift */; };
		4ABB83D129F37BFE00503E7A /* SceneDelegate.swift in Sources */ = {isa = PBXBuildFile; fileRef = 4ABB83D029F37BFE00503E7A /* SceneDelegate.swift */; };
		4ABB83D329F37BFE00503E7A /* ViewController.swift in Sources */ = {isa = PBXBuildFile; fileRef = 4ABB83D229F37BFE00503E7A /* ViewController.swift */; };
		4ABB83D629F37BFE00503E7A /* Main.storyboard in Resources */ = {isa = PBXBuildFile; fileRef = 4ABB83D429F37BFE00503E7A /* Main.storyboard */; };
		4ABB83D829F37BFF00503E7A /* Assets.xcassets in Resources */ = {isa = PBXBuildFile; fileRef = 4ABB83D729F37BFF00503E7A /* Assets.xcassets */; };
		4ABB83DB29F37BFF00503E7A /* LaunchScreen.storyboard in Resources */ = {isa = PBXBuildFile; fileRef = 4ABB83D929F37BFF00503E7A /* LaunchScreen.storyboard */; };
		4ABB83E529F37EAF00503E7A /* GoogleService-Info.plist in Resources */ = {isa = PBXBuildFile; fileRef = 4ABB83E429F37EAF00503E7A /* GoogleService-Info.plist */; };
		60E3486E7F1CC7447F135437 /* Pods_ExCrashLog.framework in Frameworks */ = {isa = PBXBuildFile; fileRef = 71AE17B4DF5E8B9CAB7912F6 /* Pods_ExCrashLog.framework */; };
/* End PBXBuildFile section */

/* Begin PBXFileReference section */
		4ABB83CB29F37BFE00503E7A /* ExCrashLog.app */ = {isa = PBXFileReference; explicitFileType = wrapper.application; includeInIndex = 0; path = ExCrashLog.app; sourceTree = BUILT_PRODUCTS_DIR; };
		4ABB83CE29F37BFE00503E7A /* AppDelegate.swift */ = {isa = PBXFileReference; lastKnownFileType = sourcecode.swift; path = AppDelegate.swift; sourceTree = "<group>"; };
		4ABB83D029F37BFE00503E7A /* SceneDelegate.swift */ = {isa = PBXFileReference; lastKnownFileType = sourcecode.swift; path = SceneDelegate.swift; sourceTree = "<group>"; };
		4ABB83D229F37BFE00503E7A /* ViewController.swift */ = {isa = PBXFileReference; lastKnownFileType = sourcecode.swift; path = ViewController.swift; sourceTree = "<group>"; };
		4ABB83D529F37BFE00503E7A /* Base */ = {isa = PBXFileReference; lastKnownFileType = file.storyboard; name = Base; path = Base.lproj/Main.storyboard; sourceTree = "<group>"; };
		4ABB83D729F37BFF00503E7A /* Assets.xcassets */ = {isa = PBXFileReference; lastKnownFileType = folder.assetcatalog; path = Assets.xcassets; sourceTree = "<group>"; };
		4ABB83DA29F37BFF00503E7A /* Base */ = {isa = PBXFileReference; lastKnownFileType = file.storyboard; name = Base; path = Base.lproj/LaunchScreen.storyboard; sourceTree = "<group>"; };
		4ABB83DC29F37BFF00503E7A /* Info.plist */ = {isa = PBXFileReference; lastKnownFileType = text.plist.xml; path = Info.plist; sourceTree = "<group>"; };
		4ABB83E429F37EAF00503E7A /* GoogleService-Info.plist */ = {isa = PBXFileReference; fileEncoding = 4; lastKnownFileType = text.plist.xml; path = "GoogleService-Info.plist"; sourceTree = "<group>"; };
		71AE17B4DF5E8B9CAB7912F6 /* Pods_ExCrashLog.framework */ = {isa = PBXFileReference; explicitFileType = wrapper.framework; includeInIndex = 0; path = Pods_ExCrashLog.framework; sourceTree = BUILT_PRODUCTS_DIR; };
		8F6676D74E9A1F85EAA05768 /* Pods-ExCrashLog.debug.xcconfig */ = {isa = PBXFileReference; includeInIndex = 1; lastKnownFileType = text.xcconfig; name = "Pods-ExCrashLog.debug.xcconfig"; path = "Target Support Files/Pods-ExCrashLog/Pods-ExCrashLog.debug.xcconfig"; sourceTree = "<group>"; };
		AE2DF9916B313409122A8D23 /* Pods-ExCrashLog.release.xcconfig */ = {isa = PBXFileReference; includeInIndex = 1; lastKnownFileType = text.xcconfig; name = "Pods-ExCrashLog.release.xcconfig"; path = "Target Support Files/Pods-ExCrashLog/Pods-ExCrashLog.release.xcconfig"; sourceTree = "<group>"; };
/* End PBXFileReference section */

/* Begin PBXFrameworksBuildPhase section */
		4ABB83C829F37BFE00503E7A /* Frameworks */ = {
			isa = PBXFrameworksBuildPhase;
			buildActionMask = 2147483647;
			files = (
				60E3486E7F1CC7447F135437 /* Pods_ExCrashLog.framework in Frameworks */,
			);
			runOnlyForDeploymentPostprocessing = 0;
		};
/* End PBXFrameworksBuildPhase section */

/* Begin PBXGroup section */
		4ABB83C229F37BFE00503E7A = {
			isa = PBXGroup;
			children = (
				4ABB83CD29F37BFE00503E7A /* ExCrashLog */,
				4ABB83CC29F37BFE00503E7A /* Products */,
				A7EB9D82BD72A42DBAB412C9 /* Pods */,
				C49F21347CE7DD5786FD017B /* Frameworks */,
			);
			sourceTree = "<group>";
		};
		4ABB83CC29F37BFE00503E7A /* Products */ = {
			isa = PBXGroup;
			children = (
				4ABB83CB29F37BFE00503E7A /* ExCrashLog.app */,
			);
			name = Products;
			sourceTree = "<group>";
		};
		4ABB83CD29F37BFE00503E7A /* ExCrashLog */ = {
			isa = PBXGroup;
			children = (
				4ABB83CE29F37BFE00503E7A /* AppDelegate.swift */,
				4ABB83D029F37BFE00503E7A /* SceneDelegate.swift */,
				4ABB83D229F37BFE00503E7A /* ViewController.swift */,
				4ABB83E429F37EAF00503E7A /* GoogleService-Info.plist */,
				4ABB83D429F37BFE00503E7A /* Main.storyboard */,
				4ABB83D729F37BFF00503E7A /* Assets.xcassets */,
				4ABB83D929F37BFF00503E7A /* LaunchScreen.storyboard */,
				4ABB83DC29F37BFF00503E7A /* Info.plist */,
			);
			path = ExCrashLog;
			sourceTree = "<group>";
		};
		A7EB9D82BD72A42DBAB412C9 /* Pods */ = {
			isa = PBXGroup;
			children = (
				8F6676D74E9A1F85EAA05768 /* Pods-ExCrashLog.debug.xcconfig */,
				AE2DF9916B313409122A8D23 /* Pods-ExCrashLog.release.xcconfig */,
			);
			path = Pods;
			sourceTree = "<group>";
		};
		C49F21347CE7DD5786FD017B /* Frameworks */ = {
			isa = PBXGroup;
			children = (
				71AE17B4DF5E8B9CAB7912F6 /* Pods_ExCrashLog.framework */,
			);
			name = Frameworks;
			sourceTree = "<group>";
		};
/* End PBXGroup section */

/* Begin PBXNativeTarget section */
		4ABB83CA29F37BFE00503E7A /* ExCrashLog */ = {
			isa = PBXNativeTarget;
			buildConfigurationList = 4ABB83DF29F37BFF00503E7A /* Build configuration list for PBXNativeTarget "ExCrashLog" */;
			buildPhases = (
				9B1B718FBE6C817EA20B2D13 /* [CP] Check Pods Manifest.lock */,
				4ABB83C729F37BFE00503E7A /* Sources */,
				4ABB83C829F37BFE00503E7A /* Frameworks */,
				4ABB83C929F37BFE00503E7A /* Resources */,
				9326969A69D45407DBCF8C45 /* [CP] Embed Pods Frameworks */,
				4ABB83E329F37CDB00503E7A /* crashlytics */,
			);
			buildRules = (
			);
			dependencies = (
			);
			name = ExCrashLog;
			productName = ExCrashLog;
			productReference = 4ABB83CB29F37BFE00503E7A /* ExCrashLog.app */;
			productType = "com.apple.product-type.application";
		};
/* End PBXNativeTarget section */

/* Begin PBXProject section */
		4ABB83C329F37BFE00503E7A /* Project object */ = {
			isa = PBXProject;
			attributes = {
				BuildIndependentTargetsInParallel = 1;
				LastSwiftUpdateCheck = 1430;
				LastUpgradeCheck = 1430;
				TargetAttributes = {
					4ABB83CA29F37BFE00503E7A = {
						CreatedOnToolsVersion = 14.3;
					};
				};
			};
			buildConfigurationList = 4ABB83C629F37BFE00503E7A /* Build configuration list for PBXProject "ExCrashLog" */;
			compatibilityVersion = "Xcode 14.0";
			developmentRegion = en;
			hasScannedForEncodings = 0;
			knownRegions = (
				en,
				Base,
			);
			mainGroup = 4ABB83C229F37BFE00503E7A;
			productRefGroup = 4ABB83CC29F37BFE00503E7A /* Products */;
			projectDirPath = "";
			projectRoot = "";
			targets = (
				4ABB83CA29F37BFE00503E7A /* ExCrashLog */,
			);
		};
/* End PBXProject section */

/* Begin PBXResourcesBuildPhase section */
		4ABB83C929F37BFE00503E7A /* Resources */ = {
			isa = PBXResourcesBuildPhase;
			buildActionMask = 2147483647;
			files = (
				4ABB83DB29F37BFF00503E7A /* LaunchScreen.storyboard in Resources */,
				4ABB83E529F37EAF00503E7A /* GoogleService-Info.plist in Resources */,
				4ABB83D829F37BFF00503E7A /* Assets.xcassets in Resources */,
				4ABB83D629F37BFE00503E7A /* Main.storyboard in Resources */,
			);
			runOnlyForDeploymentPostprocessing = 0;
		};
/* End PBXResourcesBuildPhase section */

/* Begin PBXShellScriptBuildPhase section */
		4ABB83E329F37CDB00503E7A /* crashlytics */ = {
			isa = PBXShellScriptBuildPhase;
			buildActionMask = 2147483647;
			files = (
			);
			inputFileListPaths = (
			);
			inputPaths = (
			);
			name = crashlytics;
			outputFileListPaths = (
			);
			outputPaths = (
			);
			runOnlyForDeploymentPostprocessing = 0;
			shellPath = /bin/sh;
			shellScript = "if [ \"${CONFIGURATION}\" != \"Debug\" ]; then\n    \"${PODS_ROOT}/FirebaseCrashlytics/run\"\n    \"${PODS_ROOT}/FirebaseCrashlytics/upload-symbols\" -gsp ${BUILT_PRODUCTS_DIR}/${PRODUCT_NAME}.app/GoogleService-Info.plist -p ios ${DWARF_DSYM_FOLDER_PATH}/${DWARF_DSYM_FILE_NAME}\nfi\n";
		};
		9326969A69D45407DBCF8C45 /* [CP] Embed Pods Frameworks */ = {
			isa = PBXShellScriptBuildPhase;
			buildActionMask = 2147483647;
			files = (
			);
			inputFileListPaths = (
				"${PODS_ROOT}/Target Support Files/Pods-ExCrashLog/Pods-ExCrashLog-frameworks-${CONFIGURATION}-input-files.xcfilelist",
			);
			name = "[CP] Embed Pods Frameworks";
			outputFileListPaths = (
				"${PODS_ROOT}/Target Support Files/Pods-ExCrashLog/Pods-ExCrashLog-frameworks-${CONFIGURATION}-output-files.xcfilelist",
			);
			runOnlyForDeploymentPostprocessing = 0;
			shellPath = /bin/sh;
			shellScript = "\"${PODS_ROOT}/Target Support Files/Pods-ExCrashLog/Pods-ExCrashLog-frameworks.sh\"\n";
			showEnvVarsInLog = 0;
		};
		9B1B718FBE6C817EA20B2D13 /* [CP] Check Pods Manifest.lock */ = {
			isa = PBXShellScriptBuildPhase;
			buildActionMask = 2147483647;
			files = (
			);
			inputFileListPaths = (
			);
			inputPaths = (
				"${PODS_PODFILE_DIR_PATH}/Podfile.lock",
				"${PODS_ROOT}/Manifest.lock",
			);
			name = "[CP] Check Pods Manifest.lock";
			outputFileListPaths = (
			);
			outputPaths = (
				"$(DERIVED_FILE_DIR)/Pods-ExCrashLog-checkManifestLockResult.txt",
			);
			runOnlyForDeploymentPostprocessing = 0;
			shellPath = /bin/sh;
			shellScript = "diff \"${PODS_PODFILE_DIR_PATH}/Podfile.lock\" \"${PODS_ROOT}/Manifest.lock\" > /dev/null\nif [ $? != 0 ] ; then\n    # print error to STDERR\n    echo \"error: The sandbox is not in sync with the Podfile.lock. Run 'pod install' or update your CocoaPods installation.\" >&2\n    exit 1\nfi\n# This output is used by Xcode 'outputs' to avoid re-running this script phase.\necho \"SUCCESS\" > \"${SCRIPT_OUTPUT_FILE_0}\"\n";
			showEnvVarsInLog = 0;
		};
/* End PBXShellScriptBuildPhase section */

/* Begin PBXSourcesBuildPhase section */
		4ABB83C729F37BFE00503E7A /* Sources */ = {
			isa = PBXSourcesBuildPhase;
			buildActionMask = 2147483647;
			files = (
				4ABB83D329F37BFE00503E7A /* ViewController.swift in Sources */,
				4ABB83CF29F37BFE00503E7A /* AppDelegate.swift in Sources */,
				4ABB83D129F37BFE00503E7A /* SceneDelegate.swift in Sources */,
			);
			runOnlyForDeploymentPostprocessing = 0;
		};
/* End PBXSourcesBuildPhase section */

/* Begin PBXVariantGroup section */
		4ABB83D429F37BFE00503E7A /* Main.storyboard */ = {
			isa = PBXVariantGroup;
			children = (
				4ABB83D529F37BFE00503E7A /* Base */,
			);
			name = Main.storyboard;
			sourceTree = "<group>";
		};
		4ABB83D929F37BFF00503E7A /* LaunchScreen.storyboard */ = {
			isa = PBXVariantGroup;
			children = (
				4ABB83DA29F37BFF00503E7A /* Base */,
			);
			name = LaunchScreen.storyboard;
			sourceTree = "<group>";
		};
/* End PBXVariantGroup section */

/* Begin XCBuildConfiguration section */
		4ABB83DD29F37BFF00503E7A /* Debug */ = {
			isa = XCBuildConfiguration;
			buildSettings = {
				ALWAYS_SEARCH_USER_PATHS = NO;
				CLANG_ANALYZER_NONNULL = YES;
				CLANG_ANALYZER_NUMBER_OBJECT_CONVERSION = YES_AGGRESSIVE;
				CLANG_CXX_LANGUAGE_STANDARD = "gnu++20";
				CLANG_ENABLE_MODULES = YES;
				CLANG_ENABLE_OBJC_ARC = YES;
				CLANG_ENABLE_OBJC_WEAK = YES;
				CLANG_WARN_BLOCK_CAPTURE_AUTORELEASING = YES;
				CLANG_WARN_BOOL_CONVERSION = YES;
				CLANG_WARN_COMMA = YES;
				CLANG_WARN_CONSTANT_CONVERSION = YES;
				CLANG_WARN_DEPRECATED_OBJC_IMPLEMENTATIONS = YES;
				CLANG_WARN_DIRECT_OBJC_ISA_USAGE = YES_ERROR;
				CLANG_WARN_DOCUMENTATION_COMMENTS = YES;
				CLANG_WARN_EMPTY_BODY = YES;
				CLANG_WARN_ENUM_CONVERSION = YES;
				CLANG_WARN_INFINITE_RECURSION = YES;
				CLANG_WARN_INT_CONVERSION = YES;
				CLANG_WARN_NON_LITERAL_NULL_CONVERSION = YES;
				CLANG_WARN_OBJC_IMPLICIT_RETAIN_SELF = YES;
				CLANG_WARN_OBJC_LITERAL_CONVERSION = YES;
				CLANG_WARN_OBJC_ROOT_CLASS = YES_ERROR;
				CLANG_WARN_QUOTED_INCLUDE_IN_FRAMEWORK_HEADER = YES;
				CLANG_WARN_RANGE_LOOP_ANALYSIS = YES;
				CLANG_WARN_STRICT_PROTOTYPES = YES;
				CLANG_WARN_SUSPICIOUS_MOVE = YES;
				CLANG_WARN_UNGUARDED_AVAILABILITY = YES_AGGRESSIVE;
				CLANG_WARN_UNREACHABLE_CODE = YES;
				CLANG_WARN__DUPLICATE_METHOD_MATCH = YES;
				COPY_PHASE_STRIP = NO;
				DEBUG_INFORMATION_FORMAT = dwarf;
				ENABLE_STRICT_OBJC_MSGSEND = YES;
				ENABLE_TESTABILITY = YES;
				GCC_C_LANGUAGE_STANDARD = gnu11;
				GCC_DYNAMIC_NO_PIC = NO;
				GCC_NO_COMMON_BLOCKS = YES;
				GCC_OPTIMIZATION_LEVEL = 0;
				GCC_PREPROCESSOR_DEFINITIONS = (
					"DEBUG=1",
					"$(inherited)",
				);
				GCC_WARN_64_TO_32_BIT_CONVERSION = YES;
				GCC_WARN_ABOUT_RETURN_TYPE = YES_ERROR;
				GCC_WARN_UNDECLARED_SELECTOR = YES;
				GCC_WARN_UNINITIALIZED_AUTOS = YES_AGGRESSIVE;
				GCC_WARN_UNUSED_FUNCTION = YES;
				GCC_WARN_UNUSED_VARIABLE = YES;
				IPHONEOS_DEPLOYMENT_TARGET = 16.4;
				MTL_ENABLE_DEBUG_INFO = INCLUDE_SOURCE;
				MTL_FAST_MATH = YES;
				ONLY_ACTIVE_ARCH = YES;
				SDKROOT = iphoneos;
				SWIFT_ACTIVE_COMPILATION_CONDITIONS = DEBUG;
				SWIFT_OPTIMIZATION_LEVEL = "-Onone";
			};
			name = Debug;
		};
		4ABB83DE29F37BFF00503E7A /* Release */ = {
			isa = XCBuildConfiguration;
			buildSettings = {
				ALWAYS_SEARCH_USER_PATHS = NO;
				CLANG_ANALYZER_NONNULL = YES;
				CLANG_ANALYZER_NUMBER_OBJECT_CONVERSION = YES_AGGRESSIVE;
				CLANG_CXX_LANGUAGE_STANDARD = "gnu++20";
				CLANG_ENABLE_MODULES = YES;
				CLANG_ENABLE_OBJC_ARC = YES;
				CLANG_ENABLE_OBJC_WEAK = YES;
				CLANG_WARN_BLOCK_CAPTURE_AUTORELEASING = YES;
				CLANG_WARN_BOOL_CONVERSION = YES;
				CLANG_WARN_COMMA = YES;
				CLANG_WARN_CONSTANT_CONVERSION = YES;
				CLANG_WARN_DEPRECATED_OBJC_IMPLEMENTATIONS = YES;
				CLANG_WARN_DIRECT_OBJC_ISA_USAGE = YES_ERROR;
				CLANG_WARN_DOCUMENTATION_COMMENTS = YES;
				CLANG_WARN_EMPTY_BODY = YES;
				CLANG_WARN_ENUM_CONVERSION = YES;
				CLANG_WARN_INFINITE_RECURSION = YES;
				CLANG_WARN_INT_CONVERSION = YES;
				CLANG_WARN_NON_LITERAL_NULL_CONVERSION = YES;
				CLANG_WARN_OBJC_IMPLICIT_RETAIN_SELF = YES;
				CLANG_WARN_OBJC_LITERAL_CONVERSION = YES;
				CLANG_WARN_OBJC_ROOT_CLASS = YES_ERROR;
				CLANG_WARN_QUOTED_INCLUDE_IN_FRAMEWORK_HEADER = YES;
				CLANG_WARN_RANGE_LOOP_ANALYSIS = YES;
				CLANG_WARN_STRICT_PROTOTYPES = YES;
				CLANG_WARN_SUSPICIOUS_MOVE = YES;
				CLANG_WARN_UNGUARDED_AVAILABILITY = YES_AGGRESSIVE;
				CLANG_WARN_UNREACHABLE_CODE = YES;
				CLANG_WARN__DUPLICATE_METHOD_MATCH = YES;
				COPY_PHASE_STRIP = NO;
				DEBUG_INFORMATION_FORMAT = "dwarf-with-dsym";
				ENABLE_NS_ASSERTIONS = NO;
				ENABLE_STRICT_OBJC_MSGSEND = YES;
				GCC_C_LANGUAGE_STANDARD = gnu11;
				GCC_NO_COMMON_BLOCKS = YES;
				GCC_WARN_64_TO_32_BIT_CONVERSION = YES;
				GCC_WARN_ABOUT_RETURN_TYPE = YES_ERROR;
				GCC_WARN_UNDECLARED_SELECTOR = YES;
				GCC_WARN_UNINITIALIZED_AUTOS = YES_AGGRESSIVE;
				GCC_WARN_UNUSED_FUNCTION = YES;
				GCC_WARN_UNUSED_VARIABLE = YES;
				IPHONEOS_DEPLOYMENT_TARGET = 16.4;
				MTL_ENABLE_DEBUG_INFO = NO;
				MTL_FAST_MATH = YES;
				SDKROOT = iphoneos;
				SWIFT_COMPILATION_MODE = wholemodule;
				SWIFT_OPTIMIZATION_LEVEL = "-O";
				VALIDATE_PRODUCT = YES;
			};
			name = Release;
		};
		4ABB83E029F37BFF00503E7A /* Debug */ = {
			isa = XCBuildConfiguration;
			baseConfigurationReference = 8F6676D74E9A1F85EAA05768 /* Pods-ExCrashLog.debug.xcconfig */;
			buildSettings = {
				ASSETCATALOG_COMPILER_APPICON_NAME = AppIcon;
				ASSETCATALOG_COMPILER_GLOBAL_ACCENT_COLOR_NAME = AccentColor;
				CODE_SIGN_STYLE = Automatic;
				CURRENT_PROJECT_VERSION = 1;
				DEBUG_INFORMATION_FORMAT = "dwarf-with-dsym";
				DEVELOPMENT_TEAM = SS7U83UJNK;
				GENERATE_INFOPLIST_FILE = YES;
				INFOPLIST_FILE = ExCrashLog/Info.plist;
				INFOPLIST_KEY_UIApplicationSupportsIndirectInputEvents = YES;
				INFOPLIST_KEY_UILaunchStoryboardName = LaunchScreen;
				INFOPLIST_KEY_UIMainStoryboardFile = Main;
				INFOPLIST_KEY_UISupportedInterfaceOrientations_iPad = "UIInterfaceOrientationPortrait UIInterfaceOrientationPortraitUpsideDown UIInterfaceOrientationLandscapeLeft UIInterfaceOrientationLandscapeRight";
				INFOPLIST_KEY_UISupportedInterfaceOrientations_iPhone = "UIInterfaceOrientationPortrait UIInterfaceOrientationLandscapeLeft UIInterfaceOrientationLandscapeRight";
				LD_RUNPATH_SEARCH_PATHS = (
					"$(inherited)",
					"@executable_path/Frameworks",
				);
				MARKETING_VERSION = 1.0;
				PRODUCT_BUNDLE_IDENTIFIER = com.jake.ExCrashLog;
				PRODUCT_NAME = "$(TARGET_NAME)";
				SWIFT_EMIT_LOC_STRINGS = YES;
				SWIFT_VERSION = 5.0;
				TARGETED_DEVICE_FAMILY = "1,2";
			};
			name = Debug;
		};
		4ABB83E129F37BFF00503E7A /* Release */ = {
			isa = XCBuildConfiguration;
			baseConfigurationReference = AE2DF9916B313409122A8D23 /* Pods-ExCrashLog.release.xcconfig */;
			buildSettings = {
				ASSETCATALOG_COMPILER_APPICON_NAME = AppIcon;
				ASSETCATALOG_COMPILER_GLOBAL_ACCENT_COLOR_NAME = AccentColor;
				CODE_SIGN_STYLE = Automatic;
				CURRENT_PROJECT_VERSION = 1;
				DEVELOPMENT_TEAM = SS7U83UJNK;
				GENERATE_INFOPLIST_FILE = YES;
				INFOPLIST_FILE = ExCrashLog/Info.plist;
				INFOPLIST_KEY_UIApplicationSupportsIndirectInputEvents = YES;
				INFOPLIST_KEY_UILaunchStoryboardName = LaunchScreen;
				INFOPLIST_KEY_UIMainStoryboardFile = Main;
				INFOPLIST_KEY_UISupportedInterfaceOrientations_iPad = "UIInterfaceOrientationPortrait UIInterfaceOrientationPortraitUpsideDown UIInterfaceOrientationLandscapeLeft UIInterfaceOrientationLandscapeRight";
				INFOPLIST_KEY_UISupportedInterfaceOrientations_iPhone = "UIInterfaceOrientationPortrait UIInterfaceOrientationLandscapeLeft UIInterfaceOrientationLandscapeRight";
				LD_RUNPATH_SEARCH_PATHS = (
					"$(inherited)",
					"@executable_path/Frameworks",
				);
				MARKETING_VERSION = 1.0;
				PRODUCT_BUNDLE_IDENTIFIER = com.jake.ExCrashLog;
				PRODUCT_NAME = "$(TARGET_NAME)";
				SWIFT_EMIT_LOC_STRINGS = YES;
				SWIFT_VERSION = 5.0;
				TARGETED_DEVICE_FAMILY = "1,2";
			};
			name = Release;
		};
/* End XCBuildConfiguration section */

/* Begin XCConfigurationList section */
		4ABB83C629F37BFE00503E7A /* Build configuration list for PBXProject "ExCrashLog" */ = {
			isa = XCConfigurationList;
			buildConfigurations = (
				4ABB83DD29F37BFF00503E7A /* Debug */,
				4ABB83DE29F37BFF00503E7A /* Release */,
			);
			defaultConfigurationIsVisible = 0;
			defaultConfigurationName = Release;
		};
		4ABB83DF29F37BFF00503E7A /* Build configuration list for PBXNativeTarget "ExCrashLog" */ = {
			isa = XCConfigurationList;
			buildConfigurations = (
				4ABB83E029F37BFF00503E7A /* Debug */,
				4ABB83E129F37BFF00503E7A /* Release */,
			);
			defaultConfigurationIsVisible = 0;
			defaultConfigurationName = Release;
		};
/* End XCConfigurationList section */
	};
	rootObject = 4ABB83C329F37BFE00503E7A /* Project object */;
}
